<?xml version="1.0" encoding="utf-8"?>
<Project ToolsVersion="4.0" xmlns="http://schemas.microsoft.com/developer/msbuild/2003">
  <ItemGroup>
    <Filter Include="Sources">
      <UniqueIdentifier>{4FC737F1-C7A5-4376-A066-2A32D752A2FF}</UniqueIdentifier>
      <Extensions>cpp;c;cc;cxx;def;odl;idl;hpj;bat;asm;asmx</Extensions>
    </Filter>
    <Filter Include="Sources\Common">
      <UniqueIdentifier>{5e2da49f-a8f0-41ce-a374-3254f68f0a81}</UniqueIdentifier>
    </Filter>
    <Filter Include="Sources\Visualizator">
      <UniqueIdentifier>{91539602-5e62-471e-b462-935f0df00f29}</UniqueIdentifier>
    </Filter>
    <Filter Include="Sources\Map">
      <UniqueIdentifier>{7677904b-1457-417c-8dc0-760c58dbe522}</UniqueIdentifier>
    </Filter>
  </ItemGroup>
  <ItemGroup>
    <ClCompile Include="Sources\MyStrategy.cpp">
      <Filter>Sources</Filter>
    </ClCompile>
    <ClCompile Include="Sources\Common\SIALogger.cpp">
      <Filter>Sources\Common</Filter>
    </ClCompile>
    <ClCompile Include="Sources\Visualizator\Visualizator.cpp">
      <Filter>Sources\Visualizator</Filter>
    </ClCompile>
    <ClCompile Include="Sources\Map\ConnectionMap.cpp">
      <Filter>Sources\Map</Filter>
    </ClCompile>
    <ClCompile Include="Sources\Common\Extensions.cpp">
      <Filter>Sources\Common</Filter>
    </ClCompile>
  </ItemGroup>
  <ItemGroup>
    <ClInclude Include="Sources\MyStrategy.h">
      <Filter>Sources</Filter>
    </ClInclude>
    <ClInclude Include="Sources\Common\SIALogger.h">
      <Filter>Sources\Common</Filter>
    </ClInclude>
    <ClInclude Include="Sources\Common\SIASingleton.h">
      <Filter>Sources\Common</Filter>
    </ClInclude>
    <ClInclude Include="Sources\Common\SIAPoint2D.h">
      <Filter>Sources\Common</Filter>
    </ClInclude>
    <ClInclude Include="Sources\Visualizator\Visualizator.h">
      <Filter>Sources\Visualizator</Filter>
    </ClInclude>
    <ClInclude Include="Sources\Map\ConnectionMap.h">
      <Filter>Sources\Map</Filter>
    </ClInclude>
    <ClInclude Include="Sources\Common\Extensions.h">
      <Filter>Sources\Common</Filter>
    </ClInclude>
    <ClInclude Include="Sources\Common\Constants.h">
      <Filter>Sources\Common</Filter>
    </ClInclude>
  </ItemGroup>
  <ItemGroup>
    <None Include="RussianAICup2015Neural.licenseheader" />
  </ItemGroup>
</Project>